{
  "requires": true,
  "lockfileVersion": 1,
  "dependencies": {
    "mpath": {
      "version": "0.7.0",
      "resolved": "https://registry.npmjs.org/mpath/-/mpath-0.7.0.tgz",
      "integrity": "sha512-Aiq04hILxhz1L+f7sjGyn7IxYzWm1zLNNXcfhDtx04kZ2Gk7uvFdgZ8ts1cWa/6d0TQmag2yR8zSGZUmp0tFNg=="
    }
  }
}
